
Microsoft Visual Studio Solution File, Format Version 12.00
# Visual Studio Version 16
VisualStudioVersion = 16.0.32413.511
MinimumVisualStudioVersion = 10.0.40219.1
Project("{FAE04EC0-301F-11D3-BF4B-00C04F79EFBC}") = "CLUB-VALERO", "CLUB-VALERO\CLUB-VALERO.csproj", "{D408E145-CD9D-4EFC-958D-10780EECB1C5}"
EndProject
Project("{FAE04EC0-301F-11D3-BF4B-00C04F79EFBC}") = "CLUB-VALERO-DB", "CLUB-VALERO-DB\CLUB-VALERO-DB.csproj", "{827F6A59-EC09-4DE6-96A2-3B788532A9F9}"
EndProject
Global
	GlobalSection(SolutionConfigurationPlatforms) = preSolution
		Debug|Any CPU = Debug|Any CPU
		Release|Any CPU = Release|Any CPU
	EndGlobalSection
	GlobalSection(ProjectConfigurationPlatforms) = postSolution
		{D408E145-CD9D-4EFC-958D-10780EECB1C5}.Debug|Any CPU.ActiveCfg = Debug|Any CPU
		{D408E145-CD9D-4EFC-958D-10780EECB1C5}.Debug|Any CPU.Build.0 = Debug|Any CPU
		{D408E145-CD9D-4EFC-958D-10780EECB1C5}.Release|Any CPU.ActiveCfg = Release|Any CPU
		{D408E145-CD9D-4EFC-958D-10780EECB1C5}.Release|Any CPU.Build.0 = Release|Any CPU
		{827F6A59-EC09-4DE6-96A2-3B788532A9F9}.Debug|Any CPU.ActiveCfg = Debug|Any CPU
		{827F6A59-EC09-4DE6-96A2-3B788532A9F9}.Debug|Any CPU.Build.0 = Debug|Any CPU
		{827F6A59-EC09-4DE6-96A2-3B788532A9F9}.Release|Any CPU.ActiveCfg = Release|Any CPU
		{827F6A59-EC09-4DE6-96A2-3B788532A9F9}.Release|Any CPU.Build.0 = Release|Any CPU
	EndGlobalSection
	GlobalSection(SolutionProperties) = preSolution
		HideSolutionNode = FALSE
	EndGlobalSection
	GlobalSection(ExtensibilityGlobals) = postSolution
		SolutionGuid = {B4415950-40A1-4BC6-B545-A5CB49B66EC6}
	EndGlobalSection
EndGlobal
